// !$*UTF8*$!
{
	archiveVersion = 1;
	classes = {
	};
	objectVersion = 56;
	objects = {

/* Begin PBXBuildFile section */
		E98506FD2B4FB7DD005C83DF /* TCAPlaygroundApp.swift in Sources */ = {isa = PBXBuildFile; fileRef = E98506FC2B4FB7DD005C83DF /* TCAPlaygroundApp.swift */; };
		E98507012B4FB7DE005C83DF /* Assets.xcassets in Resources */ = {isa = PBXBuildFile; fileRef = E98507002B4FB7DE005C83DF /* Assets.xcassets */; };
		E98507042B4FB7DE005C83DF /* Preview Assets.xcassets in Resources */ = {isa = PBXBuildFile; fileRef = E98507032B4FB7DE005C83DF /* Preview Assets.xcassets */; };
		E985070C2B4FB851005C83DF /* ComposableArchitecture in Frameworks */ = {isa = PBXBuildFile; productRef = E985070B2B4FB851005C83DF /* ComposableArchitecture */; };
		E98507152B4FB904005C83DF /* ListItem.swift in Sources */ = {isa = PBXBuildFile; fileRef = E98507102B4FB904005C83DF /* ListItem.swift */; };
		E98507162B4FB904005C83DF /* SectionedList.swift in Sources */ = {isa = PBXBuildFile; fileRef = E98507112B4FB904005C83DF /* SectionedList.swift */; };
		E98507172B4FB904005C83DF /* ListItemExtension.swift in Sources */ = {isa = PBXBuildFile; fileRef = E98507122B4FB904005C83DF /* ListItemExtension.swift */; };
		E98507182B4FB904005C83DF /* ListSectionsTemplate.swift in Sources */ = {isa = PBXBuildFile; fileRef = E98507132B4FB904005C83DF /* ListSectionsTemplate.swift */; };
		E98507192B4FB904005C83DF /* ListSection.swift in Sources */ = {isa = PBXBuildFile; fileRef = E98507142B4FB904005C83DF /* ListSection.swift */; };
		E985071B2B4FB965005C83DF /* Root.swift in Sources */ = {isa = PBXBuildFile; fileRef = E985071A2B4FB965005C83DF /* Root.swift */; };
/* End PBXBuildFile section */

/* Begin PBXFileReference section */
		E98506F92B4FB7DD005C83DF /* TCAPlayground.app */ = {isa = PBXFileReference; explicitFileType = wrapper.application; includeInIndex = 0; path = TCAPlayground.app; sourceTree = BUILT_PRODUCTS_DIR; };
		E98506FC2B4FB7DD005C83DF /* TCAPlaygroundApp.swift */ = {isa = PBXFileReference; lastKnownFileType = sourcecode.swift; path = TCAPlaygroundApp.swift; sourceTree = "<group>"; };
		E98507002B4FB7DE005C83DF /* Assets.xcassets */ = {isa = PBXFileReference; lastKnownFileType = folder.assetcatalog; path = Assets.xcassets; sourceTree = "<group>"; };
		E98507032B4FB7DE005C83DF /* Preview Assets.xcassets */ = {isa = PBXFileReference; lastKnownFileType = folder.assetcatalog; path = "Preview Assets.xcassets"; sourceTree = "<group>"; };
		E98507102B4FB904005C83DF /* ListItem.swift */ = {isa = PBXFileReference; fileEncoding = 4; lastKnownFileType = sourcecode.swift; path = ListItem.swift; sourceTree = "<group>"; };
		E98507112B4FB904005C83DF /* SectionedList.swift */ = {isa = PBXFileReference; fileEncoding = 4; lastKnownFileType = sourcecode.swift; path = SectionedList.swift; sourceTree = "<group>"; };
		E98507122B4FB904005C83DF /* ListItemExtension.swift */ = {isa = PBXFileReference; fileEncoding = 4; lastKnownFileType = sourcecode.swift; path = ListItemExtension.swift; sourceTree = "<group>"; };
		E98507132B4FB904005C83DF /* ListSectionsTemplate.swift */ = {isa = PBXFileReference; fileEncoding = 4; lastKnownFileType = sourcecode.swift; path = ListSectionsTemplate.swift; sourceTree = "<group>"; };
		E98507142B4FB904005C83DF /* ListSection.swift */ = {isa = PBXFileReference; fileEncoding = 4; lastKnownFileType = sourcecode.swift; path = ListSection.swift; sourceTree = "<group>"; };
		E985071A2B4FB965005C83DF /* Root.swift */ = {isa = PBXFileReference; lastKnownFileType = sourcecode.swift; path = Root.swift; sourceTree = "<group>"; };
/* End PBXFileReference section */

/* Begin PBXFrameworksBuildPhase section */
		E98506F62B4FB7DD005C83DF /* Frameworks */ = {
			isa = PBXFrameworksBuildPhase;
			buildActionMask = 2147483647;
			files = (
				E985070C2B4FB851005C83DF /* ComposableArchitecture in Frameworks */,
			);
			runOnlyForDeploymentPostprocessing = 0;
		};
/* End PBXFrameworksBuildPhase section */

/* Begin PBXGroup section */
		E98506F02B4FB7DD005C83DF = {
			isa = PBXGroup;
			children = (
				E98506FB2B4FB7DD005C83DF /* TCAPlayground */,
				E98506FA2B4FB7DD005C83DF /* Products */,
			);
			sourceTree = "<group>";
		};
		E98506FA2B4FB7DD005C83DF /* Products */ = {
			isa = PBXGroup;
			children = (
				E98506F92B4FB7DD005C83DF /* TCAPlayground.app */,
			);
			name = Products;
			sourceTree = "<group>";
		};
		E98506FB2B4FB7DD005C83DF /* TCAPlayground */ = {
			isa = PBXGroup;
			children = (
				E98506FC2B4FB7DD005C83DF /* TCAPlaygroundApp.swift */,
				E985071A2B4FB965005C83DF /* Root.swift */,
				E985070F2B4FB8DE005C83DF /* List */,
				E98507002B4FB7DE005C83DF /* Assets.xcassets */,
				E98507022B4FB7DE005C83DF /* Preview Content */,
			);
			path = TCAPlayground;
			sourceTree = "<group>";
		};
		E98507022B4FB7DE005C83DF /* Preview Content */ = {
			isa = PBXGroup;
			children = (
				E98507032B4FB7DE005C83DF /* Preview Assets.xcassets */,
			);
			path = "Preview Content";
			sourceTree = "<group>";
		};
		E985070F2B4FB8DE005C83DF /* List */ = {
			isa = PBXGroup;
			children = (
				E98507102B4FB904005C83DF /* ListItem.swift */,
				E98507122B4FB904005C83DF /* ListItemExtension.swift */,
				E98507142B4FB904005C83DF /* ListSection.swift */,
				E98507132B4FB904005C83DF /* ListSectionsTemplate.swift */,
				E98507112B4FB904005C83DF /* SectionedList.swift */,
			);
			path = List;
			sourceTree = "<group>";
		};
/* End PBXGroup section */

/* Begin PBXNativeTarget section */
		E98506F82B4FB7DD005C83DF /* TCAPlayground */ = {
			isa = PBXNativeTarget;
			buildConfigurationList = E98507072B4FB7DE005C83DF /* Build configuration list for PBXNativeTarget "TCAPlayground" */;
			buildPhases = (
				E98506F52B4FB7DD005C83DF /* Sources */,
				E98506F62B4FB7DD005C83DF /* Frameworks */,
				E98506F72B4FB7DD005C83DF /* Resources */,
			);
			buildRules = (
			);
			dependencies = (
			);
			name = TCAPlayground;
			packageProductDependencies = (
				E985070B2B4FB851005C83DF /* ComposableArchitecture */,
			);
			productName = TCAPlayground;
			productReference = E98506F92B4FB7DD005C83DF /* TCAPlayground.app */;
			productType = "com.apple.product-type.application";
		};
/* End PBXNativeTarget section */

/* Begin PBXProject section */
		E98506F12B4FB7DD005C83DF /* Project object */ = {
			isa = PBXProject;
			attributes = {
				BuildIndependentTargetsInParallel = 1;
				LastSwiftUpdateCheck = 1510;
				LastUpgradeCheck = 1510;
				TargetAttributes = {
					E98506F82B4FB7DD005C83DF = {
						CreatedOnToolsVersion = 15.1;
					};
				};
			};
			buildConfigurationList = E98506F42B4FB7DD005C83DF /* Build configuration list for PBXProject "TCAPlayground" */;
			compatibilityVersion = "Xcode 14.0";
			developmentRegion = en;
			hasScannedForEncodings = 0;
			knownRegions = (
				en,
				Base,
			);
			mainGroup = E98506F02B4FB7DD005C83DF;
			packageReferences = (
				E985070A2B4FB851005C83DF /* XCRemoteSwiftPackageReference "swift-composable-architecture" */,
			);
			productRefGroup = E98506FA2B4FB7DD005C83DF /* Products */;
			projectDirPath = "";
			projectRoot = "";
			targets = (
				E98506F82B4FB7DD005C83DF /* TCAPlayground */,
			);
		};
/* End PBXProject section */

/* Begin PBXResourcesBuildPhase section */
		E98506F72B4FB7DD005C83DF /* Resources */ = {
			isa = PBXResourcesBuildPhase;
			buildActionMask = 2147483647;
			files = (
				E98507042B4FB7DE005C83DF /* Preview Assets.xcassets in Resources */,
				E98507012B4FB7DE005C83DF /* Assets.xcassets in Resources */,
			);
			runOnlyForDeploymentPostprocessing = 0;
		};
/* End PBXResourcesBuildPhase section */

/* Begin PBXSourcesBuildPhase section */
		E98506F52B4FB7DD005C83DF /* Sources */ = {
			isa = PBXSourcesBuildPhase;
			buildActionMask = 2147483647;
			files = (
				E98507162B4FB904005C83DF /* SectionedList.swift in Sources */,
				E985071B2B4FB965005C83DF /* Root.swift in Sources */,
				E98507152B4FB904005C83DF /* ListItem.swift in Sources */,
				E98507172B4FB904005C83DF /* ListItemExtension.swift in Sources */,
				E98506FD2B4FB7DD005C83DF /* TCAPlaygroundApp.swift in Sources */,
				E98507192B4FB904005C83DF /* ListSection.swift in Sources */,
				E98507182B4FB904005C83DF /* ListSectionsTemplate.swift in Sources */,
			);
			runOnlyForDeploymentPostprocessing = 0;
		};
/* End PBXSourcesBuildPhase section */

/* Begin XCBuildConfiguration section */
		E98507052B4FB7DE005C83DF /* Debug */ = {
			isa = XCBuildConfiguration;
			buildSettings = {
				ALWAYS_SEARCH_USER_PATHS = NO;
				ASSETCATALOG_COMPILER_GENERATE_SWIFT_ASSET_SYMBOL_EXTENSIONS = YES;
				CLANG_ANALYZER_NONNULL = YES;
				CLANG_ANALYZER_NUMBER_OBJECT_CONVERSION = YES_AGGRESSIVE;
				CLANG_CXX_LANGUAGE_STANDARD = "gnu++20";
				CLANG_ENABLE_MODULES = YES;
				CLANG_ENABLE_OBJC_ARC = YES;
				CLANG_ENABLE_OBJC_WEAK = YES;
				CLANG_WARN_BLOCK_CAPTURE_AUTORELEASING = YES;
				CLANG_WARN_BOOL_CONVERSION = YES;
				CLANG_WARN_COMMA = YES;
				CLANG_WARN_CONSTANT_CONVERSION = YES;
				CLANG_WARN_DEPRECATED_OBJC_IMPLEMENTATIONS = YES;
				CLANG_WARN_DIRECT_OBJC_ISA_USAGE = YES_ERROR;
				CLANG_WARN_DOCUMENTATION_COMMENTS = YES;
				CLANG_WARN_EMPTY_BODY = YES;
				CLANG_WARN_ENUM_CONVERSION = YES;
				CLANG_WARN_INFINITE_RECURSION = YES;
				CLANG_WARN_INT_CONVERSION = YES;
				CLANG_WARN_NON_LITERAL_NULL_CONVERSION = YES;
				CLANG_WARN_OBJC_IMPLICIT_RETAIN_SELF = YES;
				CLANG_WARN_OBJC_LITERAL_CONVERSION = YES;
				CLANG_WARN_OBJC_ROOT_CLASS = YES_ERROR;
				CLANG_WARN_QUOTED_INCLUDE_IN_FRAMEWORK_HEADER = YES;
				CLANG_WARN_RANGE_LOOP_ANALYSIS = YES;
				CLANG_WARN_STRICT_PROTOTYPES = YES;
				CLANG_WARN_SUSPICIOUS_MOVE = YES;
				CLANG_WARN_UNGUARDED_AVAILABILITY = YES_AGGRESSIVE;
				CLANG_WARN_UNREACHABLE_CODE = YES;
				CLANG_WARN__DUPLICATE_METHOD_MATCH = YES;
				COPY_PHASE_STRIP = NO;
				DEBUG_INFORMATION_FORMAT = dwarf;
				ENABLE_STRICT_OBJC_MSGSEND = YES;
				ENABLE_TESTABILITY = YES;
				ENABLE_USER_SCRIPT_SANDBOXING = YES;
				GCC_C_LANGUAGE_STANDARD = gnu17;
				GCC_DYNAMIC_NO_PIC = NO;
				GCC_NO_COMMON_BLOCKS = YES;
				GCC_OPTIMIZATION_LEVEL = 0;
				GCC_PREPROCESSOR_DEFINITIONS = (
					"DEBUG=1",
					"$(inherited)",
				);
				GCC_WARN_64_TO_32_BIT_CONVERSION = YES;
				GCC_WARN_ABOUT_RETURN_TYPE = YES_ERROR;
				GCC_WARN_UNDECLARED_SELECTOR = YES;
				GCC_WARN_UNINITIALIZED_AUTOS = YES_AGGRESSIVE;
				GCC_WARN_UNUSED_FUNCTION = YES;
				GCC_WARN_UNUSED_VARIABLE = YES;
				IPHONEOS_DEPLOYMENT_TARGET = 17.2;
				LOCALIZATION_PREFERS_STRING_CATALOGS = YES;
				MTL_ENABLE_DEBUG_INFO = INCLUDE_SOURCE;
				MTL_FAST_MATH = YES;
				ONLY_ACTIVE_ARCH = YES;
				SDKROOT = iphoneos;
				SWIFT_ACTIVE_COMPILATION_CONDITIONS = "DEBUG $(inherited)";
				SWIFT_OPTIMIZATION_LEVEL = "-Onone";
			};
			name = Debug;
		};
		E98507062B4FB7DE005C83DF /* Release */ = {
			isa = XCBuildConfiguration;
			buildSettings = {
				ALWAYS_SEARCH_USER_PATHS = NO;
				ASSETCATALOG_COMPILER_GENERATE_SWIFT_ASSET_SYMBOL_EXTENSIONS = YES;
				CLANG_ANALYZER_NONNULL = YES;
				CLANG_ANALYZER_NUMBER_OBJECT_CONVERSION = YES_AGGRESSIVE;
				CLANG_CXX_LANGUAGE_STANDARD = "gnu++20";
				CLANG_ENABLE_MODULES = YES;
				CLANG_ENABLE_OBJC_ARC = YES;
				CLANG_ENABLE_OBJC_WEAK = YES;
				CLANG_WARN_BLOCK_CAPTURE_AUTORELEASING = YES;
				CLANG_WARN_BOOL_CONVERSION = YES;
				CLANG_WARN_COMMA = YES;
				CLANG_WARN_CONSTANT_CONVERSION = YES;
				CLANG_WARN_DEPRECATED_OBJC_IMPLEMENTATIONS = YES;
				CLANG_WARN_DIRECT_OBJC_ISA_USAGE = YES_ERROR;
				CLANG_WARN_DOCUMENTATION_COMMENTS = YES;
				CLANG_WARN_EMPTY_BODY = YES;
				CLANG_WARN_ENUM_CONVERSION = YES;
				CLANG_WARN_INFINITE_RECURSION = YES;
				CLANG_WARN_INT_CONVERSION = YES;
				CLANG_WARN_NON_LITERAL_NULL_CONVERSION = YES;
				CLANG_WARN_OBJC_IMPLICIT_RETAIN_SELF = YES;
				CLANG_WARN_OBJC_LITERAL_CONVERSION = YES;
				CLANG_WARN_OBJC_ROOT_CLASS = YES_ERROR;
				CLANG_WARN_QUOTED_INCLUDE_IN_FRAMEWORK_HEADER = YES;
				CLANG_WARN_RANGE_LOOP_ANALYSIS = YES;
				CLANG_WARN_STRICT_PROTOTYPES = YES;
				CLANG_WARN_SUSPICIOUS_MOVE = YES;
				CLANG_WARN_UNGUARDED_AVAILABILITY = YES_AGGRESSIVE;
				CLANG_WARN_UNREACHABLE_CODE = YES;
				CLANG_WARN__DUPLICATE_METHOD_MATCH = YES;
				COPY_PHASE_STRIP = NO;
				DEBUG_INFORMATION_FORMAT = "dwarf-with-dsym";
				ENABLE_NS_ASSERTIONS = NO;
				ENABLE_STRICT_OBJC_MSGSEND = YES;
				ENABLE_USER_SCRIPT_SANDBOXING = YES;
				GCC_C_LANGUAGE_STANDARD = gnu17;
				GCC_NO_COMMON_BLOCKS = YES;
				GCC_WARN_64_TO_32_BIT_CONVERSION = YES;
				GCC_WARN_ABOUT_RETURN_TYPE = YES_ERROR;
				GCC_WARN_UNDECLARED_SELECTOR = YES;
				GCC_WARN_UNINITIALIZED_AUTOS = YES_AGGRESSIVE;
				GCC_WARN_UNUSED_FUNCTION = YES;
				GCC_WARN_UNUSED_VARIABLE = YES;
				IPHONEOS_DEPLOYMENT_TARGET = 17.2;
				LOCALIZATION_PREFERS_STRING_CATALOGS = YES;
				MTL_ENABLE_DEBUG_INFO = NO;
				MTL_FAST_MATH = YES;
				SDKROOT = iphoneos;
				SWIFT_COMPILATION_MODE = wholemodule;
				VALIDATE_PRODUCT = YES;
			};
			name = Release;
		};
		E98507082B4FB7DE005C83DF /* Debug */ = {
			isa = XCBuildConfiguration;
			buildSettings = {
				ASSETCATALOG_COMPILER_APPICON_NAME = AppIcon;
				ASSETCATALOG_COMPILER_GLOBAL_ACCENT_COLOR_NAME = AccentColor;
				CODE_SIGN_STYLE = Automatic;
				CURRENT_PROJECT_VERSION = 1;
				DEVELOPMENT_ASSET_PATHS = "\"TCAPlayground/Preview Content\"";
				DEVELOPMENT_TEAM = F3U32U4DWY;
				ENABLE_PREVIEWS = YES;
				GENERATE_INFOPLIST_FILE = YES;
				INFOPLIST_KEY_UIApplicationSceneManifest_Generation = YES;
				INFOPLIST_KEY_UIApplicationSupportsIndirectInputEvents = YES;
				INFOPLIST_KEY_UILaunchScreen_Generation = YES;
				INFOPLIST_KEY_UISupportedInterfaceOrientations_iPad = "UIInterfaceOrientationPortrait UIInterfaceOrientationPortraitUpsideDown UIInterfaceOrientationLandscapeLeft UIInterfaceOrientationLandscapeRight";
				INFOPLIST_KEY_UISupportedInterfaceOrientations_iPhone = "UIInterfaceOrientationPortrait UIInterfaceOrientationLandscapeLeft UIInterfaceOrientationLandscapeRight";
				LD_RUNPATH_SEARCH_PATHS = (
					"$(inherited)",
					"@executable_path/Frameworks",
				);
				MARKETING_VERSION = 1.0;
				PRODUCT_BUNDLE_IDENTIFIER = dazy.TCAPlayground;
				PRODUCT_NAME = "$(TARGET_NAME)";
				SWIFT_EMIT_LOC_STRINGS = YES;
				SWIFT_VERSION = 5.0;
				TARGETED_DEVICE_FAMILY = "1,2";
			};
			name = Debug;
		};
		E98507092B4FB7DE005C83DF /* Release */ = {
			isa = XCBuildConfiguration;
			buildSettings = {
				ASSETCATALOG_COMPILER_APPICON_NAME = AppIcon;
				ASSETCATALOG_COMPILER_GLOBAL_ACCENT_COLOR_NAME = AccentColor;
				CODE_SIGN_STYLE = Automatic;
				CURRENT_PROJECT_VERSION = 1;
				DEVELOPMENT_ASSET_PATHS = "\"TCAPlayground/Preview Content\"";
				DEVELOPMENT_TEAM = F3U32U4DWY;
				ENABLE_PREVIEWS = YES;
				GENERATE_INFOPLIST_FILE = YES;
				INFOPLIST_KEY_UIApplicationSceneManifest_Generation = YES;
				INFOPLIST_KEY_UIApplicationSupportsIndirectInputEvents = YES;
				INFOPLIST_KEY_UILaunchScreen_Generation = YES;
				INFOPLIST_KEY_UISupportedInterfaceOrientations_iPad = "UIInterfaceOrientationPortrait UIInterfaceOrientationPortraitUpsideDown UIInterfaceOrientationLandscapeLeft UIInterfaceOrientationLandscapeRight";
				INFOPLIST_KEY_UISupportedInterfaceOrientations_iPhone = "UIInterfaceOrientationPortrait UIInterfaceOrientationLandscapeLeft UIInterfaceOrientationLandscapeRight";
				LD_RUNPATH_SEARCH_PATHS = (
					"$(inherited)",
					"@executable_path/Frameworks",
				);
				MARKETING_VERSION = 1.0;
				PRODUCT_BUNDLE_IDENTIFIER = dazy.TCAPlayground;
				PRODUCT_NAME = "$(TARGET_NAME)";
				SWIFT_EMIT_LOC_STRINGS = YES;
				SWIFT_VERSION = 5.0;
				TARGETED_DEVICE_FAMILY = "1,2";
			};
			name = Release;
		};
/* End XCBuildConfiguration section */

/* Begin XCConfigurationList section */
		E98506F42B4FB7DD005C83DF /* Build configuration list for PBXProject "TCAPlayground" */ = {
			isa = XCConfigurationList;
			buildConfigurations = (
				E98507052B4FB7DE005C83DF /* Debug */,
				E98507062B4FB7DE005C83DF /* Release */,
			);
			defaultConfigurationIsVisible = 0;
			defaultConfigurationName = Release;
		};
		E98507072B4FB7DE005C83DF /* Build configuration list for PBXNativeTarget "TCAPlayground" */ = {
			isa = XCConfigurationList;
			buildConfigurations = (
				E98507082B4FB7DE005C83DF /* Debug */,
				E98507092B4FB7DE005C83DF /* Release */,
			);
			defaultConfigurationIsVisible = 0;
			defaultConfigurationName = Release;
		};
/* End XCConfigurationList section */

/* Begin XCRemoteSwiftPackageReference section */
		E985070A2B4FB851005C83DF /* XCRemoteSwiftPackageReference "swift-composable-architecture" */ = {
			isa = XCRemoteSwiftPackageReference;
			repositoryURL = "git@github.com:pointfreeco/swift-composable-architecture.git";
			requirement = {
				kind = exactVersion;
				version = 1.6.0;
			};
		};
/* End XCRemoteSwiftPackageReference section */

/* Begin XCSwiftPackageProductDependency section */
		E985070B2B4FB851005C83DF /* ComposableArchitecture */ = {
			isa = XCSwiftPackageProductDependency;
			package = E985070A2B4FB851005C83DF /* XCRemoteSwiftPackageReference "swift-composable-architecture" */;
			productName = ComposableArchitecture;
		};
/* End XCSwiftPackageProductDependency section */
	};
	rootObject = E98506F12B4FB7DD005C83DF /* Project object */;
}
